
Microsoft Visual Studio Solution File, Format Version 12.00
# Visual Studio 15
VisualStudioVersion = 15.0.27703.2000
MinimumVisualStudioVersion = 10.0.40219.1
Project("{9A19103F-16F7-4668-BE54-9A1E7A4F7556}") = "Sedio.Core", "src\framework\Sedio.Core\Sedio.Core.csproj", "{1EBDF646-5F4A-4CEA-95CA-314F2ABAA732}"
EndProject
Project("{2150E333-8FDC-42A3-9474-1A3956D46DE8}") = "Framework", "Framework", "{963315CF-E1F5-4A00-9E09-4A67BDC06E91}"
EndProject
Project("{2150E333-8FDC-42A3-9474-1A3956D46DE8}") = "Common", "Common", "{FB176B50-F82F-40C4-BCEE-3A32BB8490AE}"
EndProject
Project("{2150E333-8FDC-42A3-9474-1A3956D46DE8}") = "Agent", "Agent", "{B99879A8-B739-4B5F-83C7-19374D9A08CF}"
EndProject
Project("{2150E333-8FDC-42A3-9474-1A3956D46DE8}") = "Server", "Server", "{F7175324-D617-42A5-B724-CD8065B80E1A}"
EndProject
Project("{2150E333-8FDC-42A3-9474-1A3956D46DE8}") = "Client", "Client", "{3AC225EB-6892-43FA-88EB-8F9450BEFE07}"
EndProject
Project("{FAE04EC0-301F-11D3-BF4B-00C04F79EFBC}") = "Sedio.Agent", "src\agent\Sedio.Agent\Sedio.Agent.csproj", "{FBE37568-5EBE-4A9A-BEE4-91E74E791AAF}"
EndProject
Project("{FAE04EC0-301F-11D3-BF4B-00C04F79EFBC}") = "Sedio.Client", "src\client\Sedio.Client\Sedio.Client.csproj", "{83F20251-9F80-462D-BE92-F9029BD00868}"
EndProject
Project("{FAE04EC0-301F-11D3-BF4B-00C04F79EFBC}") = "Sedio.Server", "src\server\Sedio.Server\Sedio.Server.csproj", "{AB32B6E1-F7A5-4A6A-BA17-DA3C46318E81}"
EndProject
Project("{FAE04EC0-301F-11D3-BF4B-00C04F79EFBC}") = "Sedio.Server.Runtime", "src\server\Sedio.Server.Runtime\Sedio.Server.Runtime.csproj", "{F0756302-7A83-4F8F-B6C5-912454B15DFE}"
EndProject
Project("{FAE04EC0-301F-11D3-BF4B-00C04F79EFBC}") = "Sedio.Contracts", "src\common\Sedio.Contracts\Sedio.Contracts.csproj", "{35E32809-32A6-48AD-922B-292BD2730E8D}"
EndProject
Project("{FAE04EC0-301F-11D3-BF4B-00C04F79EFBC}") = "Sedio.Agent.Runtime", "src\agent\Sedio.Agent.Runtime\Sedio.Agent.Runtime.csproj", "{6E1438B6-5944-4E51-A949-044E3ED2CFFE}"
EndProject
Project("{FAE04EC0-301F-11D3-BF4B-00C04F79EFBC}") = "Sedio.Core.Runtime", "src\framework\Sedio.Core.Runtime\Sedio.Core.Runtime.csproj", "{94262782-C951-4536-AD9C-8D298A95142A}"
EndProject
Global
	GlobalSection(SolutionConfigurationPlatforms) = preSolution
		Debug|Any CPU = Debug|Any CPU
		Release|Any CPU = Release|Any CPU
	EndGlobalSection
	GlobalSection(ProjectConfigurationPlatforms) = postSolution
		{1EBDF646-5F4A-4CEA-95CA-314F2ABAA732}.Debug|Any CPU.ActiveCfg = Debug|Any CPU
		{1EBDF646-5F4A-4CEA-95CA-314F2ABAA732}.Debug|Any CPU.Build.0 = Debug|Any CPU
		{1EBDF646-5F4A-4CEA-95CA-314F2ABAA732}.Release|Any CPU.ActiveCfg = Release|Any CPU
		{1EBDF646-5F4A-4CEA-95CA-314F2ABAA732}.Release|Any CPU.Build.0 = Release|Any CPU
		{FBE37568-5EBE-4A9A-BEE4-91E74E791AAF}.Debug|Any CPU.ActiveCfg = Debug|Any CPU
		{FBE37568-5EBE-4A9A-BEE4-91E74E791AAF}.Debug|Any CPU.Build.0 = Debug|Any CPU
		{FBE37568-5EBE-4A9A-BEE4-91E74E791AAF}.Release|Any CPU.ActiveCfg = Release|Any CPU
		{FBE37568-5EBE-4A9A-BEE4-91E74E791AAF}.Release|Any CPU.Build.0 = Release|Any CPU
		{83F20251-9F80-462D-BE92-F9029BD00868}.Debug|Any CPU.ActiveCfg = Debug|Any CPU
		{83F20251-9F80-462D-BE92-F9029BD00868}.Debug|Any CPU.Build.0 = Debug|Any CPU
		{83F20251-9F80-462D-BE92-F9029BD00868}.Release|Any CPU.ActiveCfg = Release|Any CPU
		{83F20251-9F80-462D-BE92-F9029BD00868}.Release|Any CPU.Build.0 = Release|Any CPU
		{AB32B6E1-F7A5-4A6A-BA17-DA3C46318E81}.Debug|Any CPU.ActiveCfg = Debug|Any CPU
		{AB32B6E1-F7A5-4A6A-BA17-DA3C46318E81}.Debug|Any CPU.Build.0 = Debug|Any CPU
		{AB32B6E1-F7A5-4A6A-BA17-DA3C46318E81}.Release|Any CPU.ActiveCfg = Release|Any CPU
		{AB32B6E1-F7A5-4A6A-BA17-DA3C46318E81}.Release|Any CPU.Build.0 = Release|Any CPU
		{F0756302-7A83-4F8F-B6C5-912454B15DFE}.Debug|Any CPU.ActiveCfg = Debug|Any CPU
		{F0756302-7A83-4F8F-B6C5-912454B15DFE}.Debug|Any CPU.Build.0 = Debug|Any CPU
		{F0756302-7A83-4F8F-B6C5-912454B15DFE}.Release|Any CPU.ActiveCfg = Release|Any CPU
		{F0756302-7A83-4F8F-B6C5-912454B15DFE}.Release|Any CPU.Build.0 = Release|Any CPU
		{35E32809-32A6-48AD-922B-292BD2730E8D}.Debug|Any CPU.ActiveCfg = Debug|Any CPU
		{35E32809-32A6-48AD-922B-292BD2730E8D}.Debug|Any CPU.Build.0 = Debug|Any CPU
		{35E32809-32A6-48AD-922B-292BD2730E8D}.Release|Any CPU.ActiveCfg = Release|Any CPU
		{35E32809-32A6-48AD-922B-292BD2730E8D}.Release|Any CPU.Build.0 = Release|Any CPU
		{6E1438B6-5944-4E51-A949-044E3ED2CFFE}.Debug|Any CPU.ActiveCfg = Debug|Any CPU
		{6E1438B6-5944-4E51-A949-044E3ED2CFFE}.Debug|Any CPU.Build.0 = Debug|Any CPU
		{6E1438B6-5944-4E51-A949-044E3ED2CFFE}.Release|Any CPU.ActiveCfg = Release|Any CPU
		{6E1438B6-5944-4E51-A949-044E3ED2CFFE}.Release|Any CPU.Build.0 = Release|Any CPU
		{94262782-C951-4536-AD9C-8D298A95142A}.Debug|Any CPU.ActiveCfg = Debug|Any CPU
		{94262782-C951-4536-AD9C-8D298A95142A}.Debug|Any CPU.Build.0 = Debug|Any CPU
		{94262782-C951-4536-AD9C-8D298A95142A}.Release|Any CPU.ActiveCfg = Release|Any CPU
		{94262782-C951-4536-AD9C-8D298A95142A}.Release|Any CPU.Build.0 = Release|Any CPU
	EndGlobalSection
	GlobalSection(SolutionProperties) = preSolution
		HideSolutionNode = FALSE
	EndGlobalSection
	GlobalSection(NestedProjects) = preSolution
		{FBE37568-5EBE-4A9A-BEE4-91E74E791AAF} = {B99879A8-B739-4B5F-83C7-19374D9A08CF}
		{83F20251-9F80-462D-BE92-F9029BD00868} = {3AC225EB-6892-43FA-88EB-8F9450BEFE07}
		{1EBDF646-5F4A-4CEA-95CA-314F2ABAA732} = {963315CF-E1F5-4A00-9E09-4A67BDC06E91}
		{AB32B6E1-F7A5-4A6A-BA17-DA3C46318E81} = {F7175324-D617-42A5-B724-CD8065B80E1A}
		{F0756302-7A83-4F8F-B6C5-912454B15DFE} = {F7175324-D617-42A5-B724-CD8065B80E1A}
		{35E32809-32A6-48AD-922B-292BD2730E8D} = {FB176B50-F82F-40C4-BCEE-3A32BB8490AE}
		{6E1438B6-5944-4E51-A949-044E3ED2CFFE} = {B99879A8-B739-4B5F-83C7-19374D9A08CF}
		{94262782-C951-4536-AD9C-8D298A95142A} = {963315CF-E1F5-4A00-9E09-4A67BDC06E91}
	EndGlobalSection
	GlobalSection(ExtensibilityGlobals) = postSolution
		SolutionGuid = {04360310-AF6A-4819-BA7C-810A82D59C10}
	EndGlobalSection
EndGlobal
